<?xml version="1.0" encoding="utf-8"?>
<Project ToolsVersion="4.0" xmlns="http://schemas.microsoft.com/developer/msbuild/2003">
  <ItemGroup>
    <ClCompile Include="ServerMain.cpp" />
    <ClCompile Include="ServerSession.cpp" />
  </ItemGroup>
  <ItemGroup>
    <ClInclude Include="Protocol.h" />
    <ClInclude Include="ServerSession.h" />
    <ClInclude Include="ChattingServer.h" />
  </ItemGroup>
</Project>